<?xml version="1.0" encoding="utf-8"?>
<Project ToolsVersion="4.0" xmlns="http://schemas.microsoft.com/developer/msbuild/2003">
  <ItemGroup>
    <Filter Include="Source Files">
      <UniqueIdentifier>{4FC737F1-C7A5-4376-A066-2A32D752A2FF}</UniqueIdentifier>
      <Extensions>cpp;c;cc;cxx;def;odl;idl;hpj;bat;asm;asmx</Extensions>
    </Filter>
    <Filter Include="Header Files">
      <UniqueIdentifier>{93995380-89BD-4b04-88EB-625FBE52EBFB}</UniqueIdentifier>
      <Extensions>h;hh;hpp;hxx;hm;inl;inc;xsd</Extensions>
    </Filter>
    <Filter Include="Resource Files">
      <UniqueIdentifier>{67DA6AB6-F800-4c08-8B7A-83BB121AAD01}</UniqueIdentifier>
      <Extensions>rc;ico;cur;bmp;dlg;rc2;rct;bin;rgs;gif;jpg;jpeg;jpe;resx;tiff;tif;png;wav;mfcribbon-ms</Extensions>
    </Filter>
    <Filter Include="Header Files\Components">
      <UniqueIdentifier>{541cafe4-51f7-4a90-9be3-3995d474c643}</UniqueIdentifier>
    </Filter>
    <Filter Include="Header Files\Utils">
      <UniqueIdentifier>{34fd1fd3-7fdc-49ed-bd22-9653290b5249}</UniqueIdentifier>
    </Filter>
    <Filter Include="Header Files\Components\Renderers">
      <UniqueIdentifier>{bdfd56c3-bb5a-43b9-a41e-cd72c4a990ce}</UniqueIdentifier>
    </Filter>
    <Filter Include="Header Files\Components\Controllers">
      <UniqueIdentifier>{485aadb3-d9f9-4e66-8d2a-25ae8af5620d}</UniqueIdentifier>
    </Filter>
    <Filter Include="Header Files\Components\Transforms">
      <UniqueIdentifier>{b8769202-5315-4052-8969-44cfc32351e8}</UniqueIdentifier>
    </Filter>
    <Filter Include="Header Files\Components\Health">
      <UniqueIdentifier>{12bf1484-a3d2-4889-9e3f-11d1e0d00d13}</UniqueIdentifier>
    </Filter>
    <Filter Include="Header Files\Components\Physics">
      <UniqueIdentifier>{33c081e4-37e7-4501-a3e4-0bdb71d4df76}</UniqueIdentifier>
    </Filter>
  </ItemGroup>
  <ItemGroup>
    <ClCompile Include="src\main.cpp">
      <Filter>Source Files</Filter>
    </ClCompile>
    <ClCompile Include="src\ResourceManager.cpp">
      <Filter>Source Files</Filter>
    </ClCompile>
    <ClCompile Include="src\GameMap.cpp">
      <Filter>Source Files</Filter>
    </ClCompile>
    <ClCompile Include="src\Game.cpp">
      <Filter>Source Files</Filter>
    </ClCompile>
    <ClCompile Include="src\SpriteRenderer.cpp">
      <Filter>Source Files</Filter>
    </ClCompile>
    <ClCompile Include="src\RenderComponent.cpp">
      <Filter>Source Files</Filter>
    </ClCompile>
    <ClCompile Include="src\Component.cpp">
      <Filter>Source Files</Filter>
    </ClCompile>
    <ClCompile Include="src\ControllerComponent.cpp">
      <Filter>Source Files</Filter>
    </ClCompile>
    <ClCompile Include="src\ShipController.cpp">
      <Filter>Source Files</Filter>
    </ClCompile>
    <ClCompile Include="src\PlayerShipController.cpp">
      <Filter>Source Files</Filter>
    </ClCompile>
    <ClCompile Include="src\ShipRenderer.cpp">
      <Filter>Source Files</Filter>
    </ClCompile>
    <ClCompile Include="src\LayoutSprite.cpp">
      <Filter>Source Files</Filter>
    </ClCompile>
    <ClCompile Include="src\EntityPrefabs.cpp">
      <Filter>Source Files</Filter>
    </ClCompile>
    <ClCompile Include="src\CannonBallController.cpp">
      <Filter>Source Files</Filter>
    </ClCompile>
    <ClCompile Include="src\RenderManager.cpp">
      <Filter>Source Files</Filter>
    </ClCompile>
    <ClCompile Include="src\ChasingShipController.cpp">
      <Filter>Source Files</Filter>
    </ClCompile>
    <ClCompile Include="src\AnimationRenderer.cpp">
      <Filter>Source Files</Filter>
    </ClCompile>
    <ClCompile Include="src\HealthComponent.cpp">
      <Filter>Source Files</Filter>
    </ClCompile>
    <ClCompile Include="src\SimpleHealth.cpp">
      <Filter>Source Files</Filter>
    </ClCompile>
    <ClCompile Include="src\ShipHealth.cpp">
      <Filter>Source Files</Filter>
    </ClCompile>
    <ClCompile Include="src\PhysicsComponent.cpp">
      <Filter>Source Files</Filter>
    </ClCompile>
    <ClCompile Include="src\BasicTransform.cpp">
      <Filter>Source Files</Filter>
    </ClCompile>
    <ClCompile Include="src\Box2dTransform.cpp">
      <Filter>Source Files</Filter>
    </ClCompile>
    <ClCompile Include="src\TransformComponent.cpp">
      <Filter>Source Files</Filter>
    </ClCompile>
    <ClCompile Include="src\SimpleCollisionListener.cpp">
      <Filter>Source Files</Filter>
    </ClCompile>
    <ClCompile Include="src\BaseRenderer.cpp">
      <Filter>Source Files</Filter>
    </ClCompile>
    <ClCompile Include="src\MilitaryBaseRenderer.cpp">
      <Filter>Source Files</Filter>
    </ClCompile>
    <ClCompile Include="src\MilitaryBaseController.cpp">
      <Filter>Source Files</Filter>
    </ClCompile>
  </ItemGroup>
  <ItemGroup>
    <ClInclude Include="src\ResourceManager.h">
      <Filter>Header Files</Filter>
    </ClInclude>
    <ClInclude Include="src\GameMap.h">
      <Filter>Header Files</Filter>
    </ClInclude>
    <ClInclude Include="src\Game.h">
      <Filter>Header Files</Filter>
    </ClInclude>
    <ClInclude Include="src\Entity.h">
      <Filter>Header Files</Filter>
    </ClInclude>
    <ClInclude Include="src\Component.h">
      <Filter>Header Files\Components</Filter>
    </ClInclude>
    <ClInclude Include="src\LayoutSprite.h">
      <Filter>Header Files\Utils</Filter>
    </ClInclude>
    <ClInclude Include="src\EntityPrefabs.h">
      <Filter>Header Files\Utils</Filter>
    </ClInclude>
    <ClInclude Include="src\RenderManager.h">
      <Filter>Header Files\Utils</Filter>
    </ClInclude>
    <ClInclude Include="src\CannonBallController.h">
      <Filter>Header Files\Components\Controllers</Filter>
    </ClInclude>
    <ClInclude Include="src\ControllerComponent.h">
      <Filter>Header Files\Components\Controllers</Filter>
    </ClInclude>
    <ClInclude Include="src\PlayerShipController.h">
      <Filter>Header Files\Components\Controllers</Filter>
    </ClInclude>
    <ClInclude Include="src\RenderComponent.h">
      <Filter>Header Files\Components\Renderers</Filter>
    </ClInclude>
    <ClInclude Include="src\ShipController.h">
      <Filter>Header Files\Components\Controllers</Filter>
    </ClInclude>
    <ClInclude Include="src\ShipRenderer.h">
      <Filter>Header Files\Components\Renderers</Filter>
    </ClInclude>
    <ClInclude Include="src\SpriteRenderer.h">
      <Filter>Header Files\Components\Renderers</Filter>
    </ClInclude>
    <ClInclude Include="src\ChasingShipController.h">
      <Filter>Header Files\Components\Controllers</Filter>
    </ClInclude>
    <ClInclude Include="src\Triangle.h">
      <Filter>Header Files\Utils</Filter>
    </ClInclude>
    <ClInclude Include="src\AnimationRenderer.h">
      <Filter>Header Files\Components\Renderers</Filter>
    </ClInclude>
    <ClInclude Include="src\HealthComponent.h">
      <Filter>Header Files\Components\Health</Filter>
    </ClInclude>
    <ClInclude Include="src\SimpleHealth.h">
      <Filter>Header Files\Components\Health</Filter>
    </ClInclude>
    <ClInclude Include="src\HealthType.h">
      <Filter>Header Files\Utils</Filter>
    </ClInclude>
    <ClInclude Include="src\ShipHealth.h">
      <Filter>Header Files\Components\Health</Filter>
    </ClInclude>
    <ClInclude Include="src\PhysicsComponent.h">
      <Filter>Header Files\Components\Physics</Filter>
    </ClInclude>
    <ClInclude Include="src\Box2dTransform.h">
      <Filter>Header Files\Components\Transforms</Filter>
    </ClInclude>
    <ClInclude Include="src\BasicTransform.h">
      <Filter>Header Files\Components\Transforms</Filter>
    </ClInclude>
    <ClInclude Include="src\SimpleCollisionListener.h">
      <Filter>Header Files\Utils</Filter>
    </ClInclude>
    <ClInclude Include="src\BaseRenderer.h">
      <Filter>Header Files\Components\Renderers</Filter>
    </ClInclude>
    <ClInclude Include="src\MilitaryBaseRenderer.h">
      <Filter>Header Files\Components\Renderers</Filter>
    </ClInclude>
    <ClInclude Include="src\MilitaryBaseController.h">
      <Filter>Header Files\Components\Controllers</Filter>
    </ClInclude>
    <ClInclude Include="src\Cannon.h">
      <Filter>Header Files\Utils</Filter>
    </ClInclude>
    <ClInclude Include="src\TransformComponent.h">
      <Filter>Header Files\Components\Transforms</Filter>
    </ClInclude>
  </ItemGroup>
  <ItemGroup>
    <None Include="packages.config" />
  </ItemGroup>
</Project>